
Microsoft Visual Studio Solution File, Format Version 12.00
# Visual Studio Version 17
VisualStudioVersion = 17.11.35222.181
MinimumVisualStudioVersion = 10.0.40219.1
Project("{FAE04EC0-301F-11D3-BF4B-00C04F79EFBC}") = "CreepStat", "CreepStat.csproj", "{9C1AC6A6-DF09-4688-8D6A-D1B3B67A9492}"
EndProject
Global
	GlobalSection(SolutionConfigurationPlatforms) = preSolution
		Debug|Any CPU = Debug|Any CPU
		Release|Any CPU = Release|Any CPU
	EndGlobalSection
	GlobalSection(ProjectConfigurationPlatforms) = postSolution
		{9C1AC6A6-DF09-4688-8D6A-D1B3B67A9492}.Debug|Any CPU.ActiveCfg = Debug|Any CPU
		{9C1AC6A6-DF09-4688-8D6A-D1B3B67A9492}.Debug|Any CPU.Build.0 = Debug|Any CPU
		{9C1AC6A6-DF09-4688-8D6A-D1B3B67A9492}.Release|Any CPU.ActiveCfg = Release|Any CPU
		{9C1AC6A6-DF09-4688-8D6A-D1B3B67A9492}.Release|Any CPU.Build.0 = Release|Any CPU
	EndGlobalSection
	GlobalSection(SolutionProperties) = preSolution
		HideSolutionNode = FALSE
	EndGlobalSection
	GlobalSection(ExtensibilityGlobals) = postSolution
		SolutionGuid = {A9D0AFD6-3BBA-4D30-B262-3A0EC0B436CD}
	EndGlobalSection
EndGlobal
